// !$*UTF8*$!
{
	archiveVersion = 1;
	classes = {
	};
	objectVersion = 55;
	objects = {

/* Begin PBXBuildFile section */
		3649CB38282FAC9A00B664D1 /* AppDelegate.swift in Sources */ = {isa = PBXBuildFile; fileRef = 3649CB37282FAC9A00B664D1 /* AppDelegate.swift */; };
		3649CB3A282FAC9A00B664D1 /* SceneDelegate.swift in Sources */ = {isa = PBXBuildFile; fileRef = 3649CB39282FAC9A00B664D1 /* SceneDelegate.swift */; };
		3649CB44282FAC9D00B664D1 /* LaunchScreen.storyboard in Resources */ = {isa = PBXBuildFile; fileRef = 3649CB42282FAC9D00B664D1 /* LaunchScreen.storyboard */; };
		3649CB4C282FACBD00B664D1 /* Main.storyboard in Resources */ = {isa = PBXBuildFile; fileRef = 3649CB4B282FACBD00B664D1 /* Main.storyboard */; };
		3649CB4E282FACDA00B664D1 /* Assets.xcassets in Resources */ = {isa = PBXBuildFile; fileRef = 3649CB4D282FACDA00B664D1 /* Assets.xcassets */; };
		3649CB52282FADB100B664D1 /* WelcomeViewController.swift in Sources */ = {isa = PBXBuildFile; fileRef = 3649CB51282FADB100B664D1 /* WelcomeViewController.swift */; };
		3649CB55282FAEDD00B664D1 /* LoginViewController.swift in Sources */ = {isa = PBXBuildFile; fileRef = 3649CB54282FAEDD00B664D1 /* LoginViewController.swift */; };
		3649CB57282FAEE900B664D1 /* RegisterViewController.swift in Sources */ = {isa = PBXBuildFile; fileRef = 3649CB56282FAEE900B664D1 /* RegisterViewController.swift */; };
		3649CB59282FB0A500B664D1 /* GoogleService-Info.plist in Resources */ = {isa = PBXBuildFile; fileRef = 3649CB58282FB0A500B664D1 /* GoogleService-Info.plist */; };
		3649CB5B282FC24500B664D1 /* ContactTableViewController.swift in Sources */ = {isa = PBXBuildFile; fileRef = 3649CB5A282FC24400B664D1 /* ContactTableViewController.swift */; };
		3649CB5E282FD2EE00B664D1 /* Test.json in Resources */ = {isa = PBXBuildFile; fileRef = 3649CB5D282FD2EE00B664D1 /* Test.json */; };
		3649CB61282FD33400B664D1 /* Model.swift in Sources */ = {isa = PBXBuildFile; fileRef = 3649CB60282FD33400B664D1 /* Model.swift */; };
		3649CB63282FD6BD00B664D1 /* ChatViewController.swift in Sources */ = {isa = PBXBuildFile; fileRef = 3649CB62282FD6BD00B664D1 /* ChatViewController.swift */; };
		3649CB65282FD85900B664D1 /* Message.swift in Sources */ = {isa = PBXBuildFile; fileRef = 3649CB64282FD85900B664D1 /* Message.swift */; };
		3649CB6E282FDC9800B664D1 /* MessageCell.xib in Resources */ = {isa = PBXBuildFile; fileRef = 3649CB6C282FDC9800B664D1 /* MessageCell.xib */; };
		3649CB70282FDCF300B664D1 /* MessageTableViewCell.swift in Sources */ = {isa = PBXBuildFile; fileRef = 3649CB6F282FDCF300B664D1 /* MessageTableViewCell.swift */; };
		3649CB72282FEF3F00B664D1 /* Constraints.swift in Sources */ = {isa = PBXBuildFile; fileRef = 3649CB71282FEF3F00B664D1 /* Constraints.swift */; };
		CB27AFAAF8DBDF6F5DF08DF2 /* Pods_Endterm1.framework in Frameworks */ = {isa = PBXBuildFile; fileRef = A1286A68D4D5F6BBD58F1011 /* Pods_Endterm1.framework */; };
/* End PBXBuildFile section */

/* Begin PBXFileReference section */
		252A79B1B5F849822194BC3E /* Pods-Endterm1.release.xcconfig */ = {isa = PBXFileReference; includeInIndex = 1; lastKnownFileType = text.xcconfig; name = "Pods-Endterm1.release.xcconfig"; path = "Target Support Files/Pods-Endterm1/Pods-Endterm1.release.xcconfig"; sourceTree = "<group>"; };
		3649CB34282FAC9A00B664D1 /* Endterm1.app */ = {isa = PBXFileReference; explicitFileType = wrapper.application; includeInIndex = 0; path = Endterm1.app; sourceTree = BUILT_PRODUCTS_DIR; };
		3649CB37282FAC9A00B664D1 /* AppDelegate.swift */ = {isa = PBXFileReference; lastKnownFileType = sourcecode.swift; path = AppDelegate.swift; sourceTree = "<group>"; };
		3649CB39282FAC9A00B664D1 /* SceneDelegate.swift */ = {isa = PBXFileReference; lastKnownFileType = sourcecode.swift; path = SceneDelegate.swift; sourceTree = "<group>"; };
		3649CB43282FAC9D00B664D1 /* Base */ = {isa = PBXFileReference; lastKnownFileType = file.storyboard; name = Base; path = Base.lproj/LaunchScreen.storyboard; sourceTree = "<group>"; };
		3649CB45282FAC9D00B664D1 /* Info.plist */ = {isa = PBXFileReference; lastKnownFileType = text.plist.xml; path = Info.plist; sourceTree = "<group>"; };
		3649CB4B282FACBD00B664D1 /* Main.storyboard */ = {isa = PBXFileReference; fileEncoding = 4; lastKnownFileType = file.storyboard; path = Main.storyboard; sourceTree = "<group>"; };
		3649CB4D282FACDA00B664D1 /* Assets.xcassets */ = {isa = PBXFileReference; lastKnownFileType = folder.assetcatalog; name = Assets.xcassets; path = "../../../../Documents/Flash-Chat-iOS13/Flash Chat iOS13/Assets.xcassets"; sourceTree = "<group>"; };
		3649CB51282FADB100B664D1 /* WelcomeViewController.swift */ = {isa = PBXFileReference; lastKnownFileType = sourcecode.swift; path = WelcomeViewController.swift; sourceTree = "<group>"; };
		3649CB54282FAEDD00B664D1 /* LoginViewController.swift */ = {isa = PBXFileReference; lastKnownFileType = sourcecode.swift; path = LoginViewController.swift; sourceTree = "<group>"; };
		3649CB56282FAEE900B664D1 /* RegisterViewController.swift */ = {isa = PBXFileReference; lastKnownFileType = sourcecode.swift; path = RegisterViewController.swift; sourceTree = "<group>"; };
		3649CB58282FB0A500B664D1 /* GoogleService-Info.plist */ = {isa = PBXFileReference; fileEncoding = 4; lastKnownFileType = text.plist.xml; path = "GoogleService-Info.plist"; sourceTree = "<group>"; };
		3649CB5A282FC24400B664D1 /* ContactTableViewController.swift */ = {isa = PBXFileReference; lastKnownFileType = sourcecode.swift; path = ContactTableViewController.swift; sourceTree = "<group>"; };
		3649CB5D282FD2EE00B664D1 /* Test.json */ = {isa = PBXFileReference; fileEncoding = 4; lastKnownFileType = text.json; name = Test.json; path = ../../../easystarter/easystarter/DB/Test.json; sourceTree = "<group>"; };
		3649CB60282FD33400B664D1 /* Model.swift */ = {isa = PBXFileReference; lastKnownFileType = sourcecode.swift; path = Model.swift; sourceTree = "<group>"; };
		3649CB62282FD6BD00B664D1 /* ChatViewController.swift */ = {isa = PBXFileReference; lastKnownFileType = sourcecode.swift; path = ChatViewController.swift; sourceTree = "<group>"; };
		3649CB64282FD85900B664D1 /* Message.swift */ = {isa = PBXFileReference; lastKnownFileType = sourcecode.swift; path = Message.swift; sourceTree = "<group>"; };
		3649CB6C282FDC9800B664D1 /* MessageCell.xib */ = {isa = PBXFileReference; fileEncoding = 4; lastKnownFileType = file.xib; name = MessageCell.xib; path = "../../../Flash-Chat-iOS13/Flash Chat iOS13/Views/MessageCell.xib"; sourceTree = "<group>"; };
		3649CB6F282FDCF300B664D1 /* MessageTableViewCell.swift */ = {isa = PBXFileReference; lastKnownFileType = sourcecode.swift; path = MessageTableViewCell.swift; sourceTree = "<group>"; };
		3649CB71282FEF3F00B664D1 /* Constraints.swift */ = {isa = PBXFileReference; lastKnownFileType = sourcecode.swift; path = Constraints.swift; sourceTree = "<group>"; };
		7432840C4A9888FC1FAD8634 /* Pods-Endterm1.debug.xcconfig */ = {isa = PBXFileReference; includeInIndex = 1; lastKnownFileType = text.xcconfig; name = "Pods-Endterm1.debug.xcconfig"; path = "Target Support Files/Pods-Endterm1/Pods-Endterm1.debug.xcconfig"; sourceTree = "<group>"; };
		A1286A68D4D5F6BBD58F1011 /* Pods_Endterm1.framework */ = {isa = PBXFileReference; explicitFileType = wrapper.framework; includeInIndex = 0; path = Pods_Endterm1.framework; sourceTree = BUILT_PRODUCTS_DIR; };
/* End PBXFileReference section */

/* Begin PBXFrameworksBuildPhase section */
		3649CB31282FAC9A00B664D1 /* Frameworks */ = {
			isa = PBXFrameworksBuildPhase;
			buildActionMask = 2147483647;
			files = (
				CB27AFAAF8DBDF6F5DF08DF2 /* Pods_Endterm1.framework in Frameworks */,
			);
			runOnlyForDeploymentPostprocessing = 0;
		};
/* End PBXFrameworksBuildPhase section */

/* Begin PBXGroup section */
		3649CB2B282FAC9A00B664D1 = {
			isa = PBXGroup;
			children = (
				3649CB36282FAC9A00B664D1 /* Endterm1 */,
				3649CB35282FAC9A00B664D1 /* Products */,
				D943126E116AA7C84263218A /* Pods */,
				5ADEA9F20E6E6919B6AB4BC3 /* Frameworks */,
			);
			sourceTree = "<group>";
		};
		3649CB35282FAC9A00B664D1 /* Products */ = {
			isa = PBXGroup;
			children = (
				3649CB34282FAC9A00B664D1 /* Endterm1.app */,
			);
			name = Products;
			sourceTree = "<group>";
		};
		3649CB36282FAC9A00B664D1 /* Endterm1 */ = {
			isa = PBXGroup;
			children = (
				3649CB5F282FD31A00B664D1 /* Models */,
				3649CB5C282FD2C400B664D1 /* DB */,
				3649CB37282FAC9A00B664D1 /* AppDelegate.swift */,
				3649CB39282FAC9A00B664D1 /* SceneDelegate.swift */,
				3649CB66282FD9E600B664D1 /* Views */,
				3649CB42282FAC9D00B664D1 /* LaunchScreen.storyboard */,
				3649CB45282FAC9D00B664D1 /* Info.plist */,
				3649CB58282FB0A500B664D1 /* GoogleService-Info.plist */,
				3649CB4D282FACDA00B664D1 /* Assets.xcassets */,
				3649CB71282FEF3F00B664D1 /* Constraints.swift */,
				3649CB53282FAE9500B664D1 /* Controllers */,
			);
			path = Endterm1;
			sourceTree = "<group>";
		};
		3649CB53282FAE9500B664D1 /* Controllers */ = {
			isa = PBXGroup;
			children = (
				3649CB51282FADB100B664D1 /* WelcomeViewController.swift */,
				3649CB54282FAEDD00B664D1 /* LoginViewController.swift */,
				3649CB56282FAEE900B664D1 /* RegisterViewController.swift */,
				3649CB5A282FC24400B664D1 /* ContactTableViewController.swift */,
				3649CB62282FD6BD00B664D1 /* ChatViewController.swift */,
			);
			path = Controllers;
			sourceTree = "<group>";
		};
		3649CB5C282FD2C400B664D1 /* DB */ = {
			isa = PBXGroup;
			children = (
				3649CB5D282FD2EE00B664D1 /* Test.json */,
			);
			path = DB;
			sourceTree = "<group>";
		};
		3649CB5F282FD31A00B664D1 /* Models */ = {
			isa = PBXGroup;
			children = (
				3649CB60282FD33400B664D1 /* Model.swift */,
				3649CB64282FD85900B664D1 /* Message.swift */,
			);
			path = Models;
			sourceTree = "<group>";
		};
		3649CB66282FD9E600B664D1 /* Views */ = {
			isa = PBXGroup;
			children = (
				3649CB6C282FDC9800B664D1 /* MessageCell.xib */,
				3649CB4B282FACBD00B664D1 /* Main.storyboard */,
				3649CB6F282FDCF300B664D1 /* MessageTableViewCell.swift */,
			);
			path = Views;
			sourceTree = "<group>";
		};
		5ADEA9F20E6E6919B6AB4BC3 /* Frameworks */ = {
			isa = PBXGroup;
			children = (
				A1286A68D4D5F6BBD58F1011 /* Pods_Endterm1.framework */,
			);
			name = Frameworks;
			sourceTree = "<group>";
		};
		D943126E116AA7C84263218A /* Pods */ = {
			isa = PBXGroup;
			children = (
				7432840C4A9888FC1FAD8634 /* Pods-Endterm1.debug.xcconfig */,
				252A79B1B5F849822194BC3E /* Pods-Endterm1.release.xcconfig */,
			);
			path = Pods;
			sourceTree = "<group>";
		};
/* End PBXGroup section */

/* Begin PBXNativeTarget section */
		3649CB33282FAC9A00B664D1 /* Endterm1 */ = {
			isa = PBXNativeTarget;
			buildConfigurationList = 3649CB48282FAC9D00B664D1 /* Build configuration list for PBXNativeTarget "Endterm1" */;
			buildPhases = (
				19F3BC4E14881FD476027742 /* [CP] Check Pods Manifest.lock */,
				3649CB30282FAC9A00B664D1 /* Sources */,
				3649CB31282FAC9A00B664D1 /* Frameworks */,
				3649CB32282FAC9A00B664D1 /* Resources */,
				E80563ADFB58838F31B6CB7C /* [CP] Embed Pods Frameworks */,
			);
			buildRules = (
			);
			dependencies = (
			);
			name = Endterm1;
			productName = Endterm1;
			productReference = 3649CB34282FAC9A00B664D1 /* Endterm1.app */;
			productType = "com.apple.product-type.application";
		};
/* End PBXNativeTarget section */

/* Begin PBXProject section */
		3649CB2C282FAC9A00B664D1 /* Project object */ = {
			isa = PBXProject;
			attributes = {
				BuildIndependentTargetsInParallel = 1;
				LastSwiftUpdateCheck = 1330;
				LastUpgradeCheck = 1330;
				TargetAttributes = {
					3649CB33282FAC9A00B664D1 = {
						CreatedOnToolsVersion = 13.3.1;
					};
				};
			};
			buildConfigurationList = 3649CB2F282FAC9A00B664D1 /* Build configuration list for PBXProject "Endterm1" */;
			compatibilityVersion = "Xcode 13.0";
			developmentRegion = en;
			hasScannedForEncodings = 0;
			knownRegions = (
				en,
				Base,
			);
			mainGroup = 3649CB2B282FAC9A00B664D1;
			productRefGroup = 3649CB35282FAC9A00B664D1 /* Products */;
			projectDirPath = "";
			projectRoot = "";
			targets = (
				3649CB33282FAC9A00B664D1 /* Endterm1 */,
			);
		};
/* End PBXProject section */

/* Begin PBXResourcesBuildPhase section */
		3649CB32282FAC9A00B664D1 /* Resources */ = {
			isa = PBXResourcesBuildPhase;
			buildActionMask = 2147483647;
			files = (
				3649CB4C282FACBD00B664D1 /* Main.storyboard in Resources */,
				3649CB6E282FDC9800B664D1 /* MessageCell.xib in Resources */,
				3649CB59282FB0A500B664D1 /* GoogleService-Info.plist in Resources */,
				3649CB44282FAC9D00B664D1 /* LaunchScreen.storyboard in Resources */,
				3649CB4E282FACDA00B664D1 /* Assets.xcassets in Resources */,
				3649CB5E282FD2EE00B664D1 /* Test.json in Resources */,
			);
			runOnlyForDeploymentPostprocessing = 0;
		};
/* End PBXResourcesBuildPhase section */

/* Begin PBXShellScriptBuildPhase section */
		19F3BC4E14881FD476027742 /* [CP] Check Pods Manifest.lock */ = {
			isa = PBXShellScriptBuildPhase;
			buildActionMask = 2147483647;
			files = (
			);
			inputFileListPaths = (
			);
			inputPaths = (
				"${PODS_PODFILE_DIR_PATH}/Podfile.lock",
				"${PODS_ROOT}/Manifest.lock",
			);
			name = "[CP] Check Pods Manifest.lock";
			outputFileListPaths = (
			);
			outputPaths = (
				"$(DERIVED_FILE_DIR)/Pods-Endterm1-checkManifestLockResult.txt",
			);
			runOnlyForDeploymentPostprocessing = 0;
			shellPath = /bin/sh;
			shellScript = "diff \"${PODS_PODFILE_DIR_PATH}/Podfile.lock\" \"${PODS_ROOT}/Manifest.lock\" > /dev/null\nif [ $? != 0 ] ; then\n    # print error to STDERR\n    echo \"error: The sandbox is not in sync with the Podfile.lock. Run 'pod install' or update your CocoaPods installation.\" >&2\n    exit 1\nfi\n# This output is used by Xcode 'outputs' to avoid re-running this script phase.\necho \"SUCCESS\" > \"${SCRIPT_OUTPUT_FILE_0}\"\n";
			showEnvVarsInLog = 0;
		};
		E80563ADFB58838F31B6CB7C /* [CP] Embed Pods Frameworks */ = {
			isa = PBXShellScriptBuildPhase;
			buildActionMask = 2147483647;
			files = (
			);
			inputFileListPaths = (
				"${PODS_ROOT}/Target Support Files/Pods-Endterm1/Pods-Endterm1-frameworks-${CONFIGURATION}-input-files.xcfilelist",
			);
			name = "[CP] Embed Pods Frameworks";
			outputFileListPaths = (
				"${PODS_ROOT}/Target Support Files/Pods-Endterm1/Pods-Endterm1-frameworks-${CONFIGURATION}-output-files.xcfilelist",
			);
			runOnlyForDeploymentPostprocessing = 0;
			shellPath = /bin/sh;
			shellScript = "\"${PODS_ROOT}/Target Support Files/Pods-Endterm1/Pods-Endterm1-frameworks.sh\"\n";
			showEnvVarsInLog = 0;
		};
/* End PBXShellScriptBuildPhase section */

/* Begin PBXSourcesBuildPhase section */
		3649CB30282FAC9A00B664D1 /* Sources */ = {
			isa = PBXSourcesBuildPhase;
			buildActionMask = 2147483647;
			files = (
				3649CB61282FD33400B664D1 /* Model.swift in Sources */,
				3649CB55282FAEDD00B664D1 /* LoginViewController.swift in Sources */,
				3649CB63282FD6BD00B664D1 /* ChatViewController.swift in Sources */,
				3649CB70282FDCF300B664D1 /* MessageTableViewCell.swift in Sources */,
				3649CB72282FEF3F00B664D1 /* Constraints.swift in Sources */,
				3649CB65282FD85900B664D1 /* Message.swift in Sources */,
				3649CB57282FAEE900B664D1 /* RegisterViewController.swift in Sources */,
				3649CB5B282FC24500B664D1 /* ContactTableViewController.swift in Sources */,
				3649CB52282FADB100B664D1 /* WelcomeViewController.swift in Sources */,
				3649CB38282FAC9A00B664D1 /* AppDelegate.swift in Sources */,
				3649CB3A282FAC9A00B664D1 /* SceneDelegate.swift in Sources */,
			);
			runOnlyForDeploymentPostprocessing = 0;
		};
/* End PBXSourcesBuildPhase section */

/* Begin PBXVariantGroup section */
		3649CB42282FAC9D00B664D1 /* LaunchScreen.storyboard */ = {
			isa = PBXVariantGroup;
			children = (
				3649CB43282FAC9D00B664D1 /* Base */,
			);
			name = LaunchScreen.storyboard;
			sourceTree = "<group>";
		};
/* End PBXVariantGroup section */

/* Begin XCBuildConfiguration section */
		3649CB46282FAC9D00B664D1 /* Debug */ = {
			isa = XCBuildConfiguration;
			buildSettings = {
				ALWAYS_SEARCH_USER_PATHS = NO;
				CLANG_ANALYZER_NONNULL = YES;
				CLANG_ANALYZER_NUMBER_OBJECT_CONVERSION = YES_AGGRESSIVE;
				CLANG_CXX_LANGUAGE_STANDARD = "gnu++17";
				CLANG_ENABLE_MODULES = YES;
				CLANG_ENABLE_OBJC_ARC = YES;
				CLANG_ENABLE_OBJC_WEAK = YES;
				CLANG_WARN_BLOCK_CAPTURE_AUTORELEASING = YES;
				CLANG_WARN_BOOL_CONVERSION = YES;
				CLANG_WARN_COMMA = YES;
				CLANG_WARN_CONSTANT_CONVERSION = YES;
				CLANG_WARN_DEPRECATED_OBJC_IMPLEMENTATIONS = YES;
				CLANG_WARN_DIRECT_OBJC_ISA_USAGE = YES_ERROR;
				CLANG_WARN_DOCUMENTATION_COMMENTS = YES;
				CLANG_WARN_EMPTY_BODY = YES;
				CLANG_WARN_ENUM_CONVERSION = YES;
				CLANG_WARN_INFINITE_RECURSION = YES;
				CLANG_WARN_INT_CONVERSION = YES;
				CLANG_WARN_NON_LITERAL_NULL_CONVERSION = YES;
				CLANG_WARN_OBJC_IMPLICIT_RETAIN_SELF = YES;
				CLANG_WARN_OBJC_LITERAL_CONVERSION = YES;
				CLANG_WARN_OBJC_ROOT_CLASS = YES_ERROR;
				CLANG_WARN_QUOTED_INCLUDE_IN_FRAMEWORK_HEADER = YES;
				CLANG_WARN_RANGE_LOOP_ANALYSIS = YES;
				CLANG_WARN_STRICT_PROTOTYPES = YES;
				CLANG_WARN_SUSPICIOUS_MOVE = YES;
				CLANG_WARN_UNGUARDED_AVAILABILITY = YES_AGGRESSIVE;
				CLANG_WARN_UNREACHABLE_CODE = YES;
				CLANG_WARN__DUPLICATE_METHOD_MATCH = YES;
				COPY_PHASE_STRIP = NO;
				DEBUG_INFORMATION_FORMAT = dwarf;
				ENABLE_STRICT_OBJC_MSGSEND = YES;
				ENABLE_TESTABILITY = YES;
				GCC_C_LANGUAGE_STANDARD = gnu11;
				GCC_DYNAMIC_NO_PIC = NO;
				GCC_NO_COMMON_BLOCKS = YES;
				GCC_OPTIMIZATION_LEVEL = 0;
				GCC_PREPROCESSOR_DEFINITIONS = (
					"DEBUG=1",
					"$(inherited)",
				);
				GCC_WARN_64_TO_32_BIT_CONVERSION = YES;
				GCC_WARN_ABOUT_RETURN_TYPE = YES_ERROR;
				GCC_WARN_UNDECLARED_SELECTOR = YES;
				GCC_WARN_UNINITIALIZED_AUTOS = YES_AGGRESSIVE;
				GCC_WARN_UNUSED_FUNCTION = YES;
				GCC_WARN_UNUSED_VARIABLE = YES;
				IPHONEOS_DEPLOYMENT_TARGET = 15.4;
				MTL_ENABLE_DEBUG_INFO = INCLUDE_SOURCE;
				MTL_FAST_MATH = YES;
				ONLY_ACTIVE_ARCH = YES;
				SDKROOT = iphoneos;
				SWIFT_ACTIVE_COMPILATION_CONDITIONS = DEBUG;
				SWIFT_OPTIMIZATION_LEVEL = "-Onone";
			};
			name = Debug;
		};
		3649CB47282FAC9D00B664D1 /* Release */ = {
			isa = XCBuildConfiguration;
			buildSettings = {
				ALWAYS_SEARCH_USER_PATHS = NO;
				CLANG_ANALYZER_NONNULL = YES;
				CLANG_ANALYZER_NUMBER_OBJECT_CONVERSION = YES_AGGRESSIVE;
				CLANG_CXX_LANGUAGE_STANDARD = "gnu++17";
				CLANG_ENABLE_MODULES = YES;
				CLANG_ENABLE_OBJC_ARC = YES;
				CLANG_ENABLE_OBJC_WEAK = YES;
				CLANG_WARN_BLOCK_CAPTURE_AUTORELEASING = YES;
				CLANG_WARN_BOOL_CONVERSION = YES;
				CLANG_WARN_COMMA = YES;
				CLANG_WARN_CONSTANT_CONVERSION = YES;
				CLANG_WARN_DEPRECATED_OBJC_IMPLEMENTATIONS = YES;
				CLANG_WARN_DIRECT_OBJC_ISA_USAGE = YES_ERROR;
				CLANG_WARN_DOCUMENTATION_COMMENTS = YES;
				CLANG_WARN_EMPTY_BODY = YES;
				CLANG_WARN_ENUM_CONVERSION = YES;
				CLANG_WARN_INFINITE_RECURSION = YES;
				CLANG_WARN_INT_CONVERSION = YES;
				CLANG_WARN_NON_LITERAL_NULL_CONVERSION = YES;
				CLANG_WARN_OBJC_IMPLICIT_RETAIN_SELF = YES;
				CLANG_WARN_OBJC_LITERAL_CONVERSION = YES;
				CLANG_WARN_OBJC_ROOT_CLASS = YES_ERROR;
				CLANG_WARN_QUOTED_INCLUDE_IN_FRAMEWORK_HEADER = YES;
				CLANG_WARN_RANGE_LOOP_ANALYSIS = YES;
				CLANG_WARN_STRICT_PROTOTYPES = YES;
				CLANG_WARN_SUSPICIOUS_MOVE = YES;
				CLANG_WARN_UNGUARDED_AVAILABILITY = YES_AGGRESSIVE;
				CLANG_WARN_UNREACHABLE_CODE = YES;
				CLANG_WARN__DUPLICATE_METHOD_MATCH = YES;
				COPY_PHASE_STRIP = NO;
				DEBUG_INFORMATION_FORMAT = "dwarf-with-dsym";
				ENABLE_NS_ASSERTIONS = NO;
				ENABLE_STRICT_OBJC_MSGSEND = YES;
				GCC_C_LANGUAGE_STANDARD = gnu11;
				GCC_NO_COMMON_BLOCKS = YES;
				GCC_WARN_64_TO_32_BIT_CONVERSION = YES;
				GCC_WARN_ABOUT_RETURN_TYPE = YES_ERROR;
				GCC_WARN_UNDECLARED_SELECTOR = YES;
				GCC_WARN_UNINITIALIZED_AUTOS = YES_AGGRESSIVE;
				GCC_WARN_UNUSED_FUNCTION = YES;
				GCC_WARN_UNUSED_VARIABLE = YES;
				IPHONEOS_DEPLOYMENT_TARGET = 15.4;
				MTL_ENABLE_DEBUG_INFO = NO;
				MTL_FAST_MATH = YES;
				SDKROOT = iphoneos;
				SWIFT_COMPILATION_MODE = wholemodule;
				SWIFT_OPTIMIZATION_LEVEL = "-O";
				VALIDATE_PRODUCT = YES;
			};
			name = Release;
		};
		3649CB49282FAC9D00B664D1 /* Debug */ = {
			isa = XCBuildConfiguration;
			baseConfigurationReference = 7432840C4A9888FC1FAD8634 /* Pods-Endterm1.debug.xcconfig */;
			buildSettings = {
				ASSETCATALOG_COMPILER_APPICON_NAME = AppIcon;
				ASSETCATALOG_COMPILER_GLOBAL_ACCENT_COLOR_NAME = AccentColor;
				CODE_SIGN_STYLE = Automatic;
				CURRENT_PROJECT_VERSION = 1;
				DEVELOPMENT_TEAM = HUWL4ZMRCP;
				GENERATE_INFOPLIST_FILE = YES;
				INFOPLIST_FILE = Endterm1/Info.plist;
				INFOPLIST_KEY_UIApplicationSupportsIndirectInputEvents = YES;
				INFOPLIST_KEY_UILaunchStoryboardName = LaunchScreen;
				INFOPLIST_KEY_UIMainStoryboardFile = Main;
				INFOPLIST_KEY_UISupportedInterfaceOrientations_iPad = "UIInterfaceOrientationPortrait UIInterfaceOrientationPortraitUpsideDown UIInterfaceOrientationLandscapeLeft UIInterfaceOrientationLandscapeRight";
				INFOPLIST_KEY_UISupportedInterfaceOrientations_iPhone = "UIInterfaceOrientationPortrait UIInterfaceOrientationLandscapeLeft UIInterfaceOrientationLandscapeRight";
				LD_RUNPATH_SEARCH_PATHS = (
					"$(inherited)",
					"@executable_path/Frameworks",
				);
				MARKETING_VERSION = 1.0;
				PRODUCT_BUNDLE_IDENTIFIER = com.dias.Endterm1;
				PRODUCT_NAME = "$(TARGET_NAME)";
				SWIFT_EMIT_LOC_STRINGS = YES;
				SWIFT_VERSION = 5.0;
				TARGETED_DEVICE_FAMILY = "1,2";
			};
			name = Debug;
		};
		3649CB4A282FAC9D00B664D1 /* Release */ = {
			isa = XCBuildConfiguration;
			baseConfigurationReference = 252A79B1B5F849822194BC3E /* Pods-Endterm1.release.xcconfig */;
			buildSettings = {
				ASSETCATALOG_COMPILER_APPICON_NAME = AppIcon;
				ASSETCATALOG_COMPILER_GLOBAL_ACCENT_COLOR_NAME = AccentColor;
				CODE_SIGN_STYLE = Automatic;
				CURRENT_PROJECT_VERSION = 1;
				DEVELOPMENT_TEAM = HUWL4ZMRCP;
				GENERATE_INFOPLIST_FILE = YES;
				INFOPLIST_FILE = Endterm1/Info.plist;
				INFOPLIST_KEY_UIApplicationSupportsIndirectInputEvents = YES;
				INFOPLIST_KEY_UILaunchStoryboardName = LaunchScreen;
				INFOPLIST_KEY_UIMainStoryboardFile = Main;
				INFOPLIST_KEY_UISupportedInterfaceOrientations_iPad = "UIInterfaceOrientationPortrait UIInterfaceOrientationPortraitUpsideDown UIInterfaceOrientationLandscapeLeft UIInterfaceOrientationLandscapeRight";
				INFOPLIST_KEY_UISupportedInterfaceOrientations_iPhone = "UIInterfaceOrientationPortrait UIInterfaceOrientationLandscapeLeft UIInterfaceOrientationLandscapeRight";
				LD_RUNPATH_SEARCH_PATHS = (
					"$(inherited)",
					"@executable_path/Frameworks",
				);
				MARKETING_VERSION = 1.0;
				PRODUCT_BUNDLE_IDENTIFIER = com.dias.Endterm1;
				PRODUCT_NAME = "$(TARGET_NAME)";
				SWIFT_EMIT_LOC_STRINGS = YES;
				SWIFT_VERSION = 5.0;
				TARGETED_DEVICE_FAMILY = "1,2";
			};
			name = Release;
		};
/* End XCBuildConfiguration section */

/* Begin XCConfigurationList section */
		3649CB2F282FAC9A00B664D1 /* Build configuration list for PBXProject "Endterm1" */ = {
			isa = XCConfigurationList;
			buildConfigurations = (
				3649CB46282FAC9D00B664D1 /* Debug */,
				3649CB47282FAC9D00B664D1 /* Release */,
			);
			defaultConfigurationIsVisible = 0;
			defaultConfigurationName = Release;
		};
		3649CB48282FAC9D00B664D1 /* Build configuration list for PBXNativeTarget "Endterm1" */ = {
			isa = XCConfigurationList;
			buildConfigurations = (
				3649CB49282FAC9D00B664D1 /* Debug */,
				3649CB4A282FAC9D00B664D1 /* Release */,
			);
			defaultConfigurationIsVisible = 0;
			defaultConfigurationName = Release;
		};
/* End XCConfigurationList section */
	};
	rootObject = 3649CB2C282FAC9A00B664D1 /* Project object */;
}
